
Microsoft Visual Studio Solution File, Format Version 12.00
# Visual Studio 15
VisualStudioVersion = 15.0.27703.2026
MinimumVisualStudioVersion = 10.0.40219.1
Project("{9A19103F-16F7-4668-BE54-9A1E7A4F7556}") = "MoviesHub", "MoviesHub\MoviesHub.csproj", "{65444552-43B9-4F76-8695-1DD32741512D}"
EndProject
Project("{9A19103F-16F7-4668-BE54-9A1E7A4F7556}") = "WebApplication1", "WebApplication1\WebApplication1.csproj", "{11673CA3-F5F6-489B-A1B9-FFE4D43F89A5}"
EndProject
Project("{9A19103F-16F7-4668-BE54-9A1E7A4F7556}") = "WebApplication_Lifetime", "WebApplication_Lifetime\WebApplication_Lifetime.csproj", "{FD215185-786E-484C-8B3F-CE248744EA9E}"
EndProject
Project("{9A19103F-16F7-4668-BE54-9A1E7A4F7556}") = "ConsoleApp1", "ConsoleApp1\ConsoleApp1.csproj", "{D703531D-E2C8-4624-882A-2FA708BD0FE6}"
EndProject
Project("{2150E333-8FDC-42A3-9474-1A3956D46DE8}") = "1. Simple Log Example", "1. Simple Log Example", "{7AA12401-E828-4E56-B9E8-D9972CC483C3}"
EndProject
Project("{2150E333-8FDC-42A3-9474-1A3956D46DE8}") = "2. Console Example", "2. Console Example", "{72B08931-5DB9-4187-B6C6-3B152AEA6C3E}"
EndProject
Project("{2150E333-8FDC-42A3-9474-1A3956D46DE8}") = "3. Lifetime Example", "3. Lifetime Example", "{23AA37FC-1F17-4D8C-99EC-6396498DE1ED}"
EndProject
Project("{2150E333-8FDC-42A3-9474-1A3956D46DE8}") = "4. Movie Example", "4. Movie Example", "{9D99D99A-4BF6-495D-A76D-304573385AB4}"
EndProject
Project("{9A19103F-16F7-4668-BE54-9A1E7A4F7556}") = "Domain", "Domain\Domain.csproj", "{7255DD7C-C337-464D-ABAF-D964C848468F}"
EndProject
Project("{9A19103F-16F7-4668-BE54-9A1E7A4F7556}") = "MoviesHubNew", "MoviesHubNew\MoviesHubNew.csproj", "{3716B2A5-1817-44E0-8BEF-B011A52C343B}"
EndProject
Project("{2150E333-8FDC-42A3-9474-1A3956D46DE8}") = "5. Full Movie Example", "5. Full Movie Example", "{81897129-FB82-491B-BA84-98F094AFA15C}"
EndProject
Project("{2150E333-8FDC-42A3-9474-1A3956D46DE8}") = "Test", "Test", "{D4C3631C-5A96-4F2A-BDC2-6FDB02641BA6}"
EndProject
Project("{9A19103F-16F7-4668-BE54-9A1E7A4F7556}") = "MoviesApi", "MoviesApi\MoviesApi.csproj", "{D2A2B94B-4AC9-4838-B763-F20DE1760550}"
EndProject
Project("{9A19103F-16F7-4668-BE54-9A1E7A4F7556}") = "XUnitTestProject1", "XUnitTestProject1\XUnitTestProject1.csproj", "{A2DAA69C-43D8-4343-849D-49888AF70A98}"
EndProject
Global
	GlobalSection(SolutionConfigurationPlatforms) = preSolution
		Debug|Any CPU = Debug|Any CPU
		Release|Any CPU = Release|Any CPU
	EndGlobalSection
	GlobalSection(ProjectConfigurationPlatforms) = postSolution
		{65444552-43B9-4F76-8695-1DD32741512D}.Debug|Any CPU.ActiveCfg = Debug|Any CPU
		{65444552-43B9-4F76-8695-1DD32741512D}.Debug|Any CPU.Build.0 = Debug|Any CPU
		{65444552-43B9-4F76-8695-1DD32741512D}.Release|Any CPU.ActiveCfg = Release|Any CPU
		{65444552-43B9-4F76-8695-1DD32741512D}.Release|Any CPU.Build.0 = Release|Any CPU
		{11673CA3-F5F6-489B-A1B9-FFE4D43F89A5}.Debug|Any CPU.ActiveCfg = Debug|Any CPU
		{11673CA3-F5F6-489B-A1B9-FFE4D43F89A5}.Debug|Any CPU.Build.0 = Debug|Any CPU
		{11673CA3-F5F6-489B-A1B9-FFE4D43F89A5}.Release|Any CPU.ActiveCfg = Release|Any CPU
		{11673CA3-F5F6-489B-A1B9-FFE4D43F89A5}.Release|Any CPU.Build.0 = Release|Any CPU
		{FD215185-786E-484C-8B3F-CE248744EA9E}.Debug|Any CPU.ActiveCfg = Debug|Any CPU
		{FD215185-786E-484C-8B3F-CE248744EA9E}.Debug|Any CPU.Build.0 = Debug|Any CPU
		{FD215185-786E-484C-8B3F-CE248744EA9E}.Release|Any CPU.ActiveCfg = Release|Any CPU
		{FD215185-786E-484C-8B3F-CE248744EA9E}.Release|Any CPU.Build.0 = Release|Any CPU
		{D703531D-E2C8-4624-882A-2FA708BD0FE6}.Debug|Any CPU.ActiveCfg = Debug|Any CPU
		{D703531D-E2C8-4624-882A-2FA708BD0FE6}.Debug|Any CPU.Build.0 = Debug|Any CPU
		{D703531D-E2C8-4624-882A-2FA708BD0FE6}.Release|Any CPU.ActiveCfg = Release|Any CPU
		{D703531D-E2C8-4624-882A-2FA708BD0FE6}.Release|Any CPU.Build.0 = Release|Any CPU
		{7255DD7C-C337-464D-ABAF-D964C848468F}.Debug|Any CPU.ActiveCfg = Debug|Any CPU
		{7255DD7C-C337-464D-ABAF-D964C848468F}.Debug|Any CPU.Build.0 = Debug|Any CPU
		{7255DD7C-C337-464D-ABAF-D964C848468F}.Release|Any CPU.ActiveCfg = Release|Any CPU
		{7255DD7C-C337-464D-ABAF-D964C848468F}.Release|Any CPU.Build.0 = Release|Any CPU
		{3716B2A5-1817-44E0-8BEF-B011A52C343B}.Debug|Any CPU.ActiveCfg = Debug|Any CPU
		{3716B2A5-1817-44E0-8BEF-B011A52C343B}.Debug|Any CPU.Build.0 = Debug|Any CPU
		{3716B2A5-1817-44E0-8BEF-B011A52C343B}.Release|Any CPU.ActiveCfg = Release|Any CPU
		{3716B2A5-1817-44E0-8BEF-B011A52C343B}.Release|Any CPU.Build.0 = Release|Any CPU
		{D2A2B94B-4AC9-4838-B763-F20DE1760550}.Debug|Any CPU.ActiveCfg = Debug|Any CPU
		{D2A2B94B-4AC9-4838-B763-F20DE1760550}.Debug|Any CPU.Build.0 = Debug|Any CPU
		{D2A2B94B-4AC9-4838-B763-F20DE1760550}.Release|Any CPU.ActiveCfg = Release|Any CPU
		{D2A2B94B-4AC9-4838-B763-F20DE1760550}.Release|Any CPU.Build.0 = Release|Any CPU
		{A2DAA69C-43D8-4343-849D-49888AF70A98}.Debug|Any CPU.ActiveCfg = Debug|Any CPU
		{A2DAA69C-43D8-4343-849D-49888AF70A98}.Debug|Any CPU.Build.0 = Debug|Any CPU
		{A2DAA69C-43D8-4343-849D-49888AF70A98}.Release|Any CPU.ActiveCfg = Release|Any CPU
		{A2DAA69C-43D8-4343-849D-49888AF70A98}.Release|Any CPU.Build.0 = Release|Any CPU
	EndGlobalSection
	GlobalSection(SolutionProperties) = preSolution
		HideSolutionNode = FALSE
	EndGlobalSection
	GlobalSection(NestedProjects) = preSolution
		{65444552-43B9-4F76-8695-1DD32741512D} = {9D99D99A-4BF6-495D-A76D-304573385AB4}
		{11673CA3-F5F6-489B-A1B9-FFE4D43F89A5} = {7AA12401-E828-4E56-B9E8-D9972CC483C3}
		{FD215185-786E-484C-8B3F-CE248744EA9E} = {23AA37FC-1F17-4D8C-99EC-6396498DE1ED}
		{D703531D-E2C8-4624-882A-2FA708BD0FE6} = {72B08931-5DB9-4187-B6C6-3B152AEA6C3E}
		{7255DD7C-C337-464D-ABAF-D964C848468F} = {81897129-FB82-491B-BA84-98F094AFA15C}
		{3716B2A5-1817-44E0-8BEF-B011A52C343B} = {81897129-FB82-491B-BA84-98F094AFA15C}
		{D2A2B94B-4AC9-4838-B763-F20DE1760550} = {81897129-FB82-491B-BA84-98F094AFA15C}
		{A2DAA69C-43D8-4343-849D-49888AF70A98} = {D4C3631C-5A96-4F2A-BDC2-6FDB02641BA6}
	EndGlobalSection
	GlobalSection(ExtensibilityGlobals) = postSolution
		SolutionGuid = {F4723777-50B2-44C5-B12F-DA8406ABDAD5}
	EndGlobalSection
EndGlobal
